
Microsoft Visual Studio Solution File, Format Version 12.00
# Visual Studio Version 16
VisualStudioVersion = 16.0.30413.136
MinimumVisualStudioVersion = 10.0.40219.1
Project("{FAE04EC0-301F-11D3-BF4B-00C04F79EFBC}") = "SoftFilesApp", "SoftFilesApp\SoftFilesApp.csproj", "{8CCC9247-9738-4F22-9BF0-912F398EE4E5}"
EndProject
Global
	GlobalSection(SolutionConfigurationPlatforms) = preSolution
		Debug|Any CPU = Debug|Any CPU
		Release|Any CPU = Release|Any CPU
	EndGlobalSection
	GlobalSection(ProjectConfigurationPlatforms) = postSolution
		{8CCC9247-9738-4F22-9BF0-912F398EE4E5}.Debug|Any CPU.ActiveCfg = Debug|Any CPU
		{8CCC9247-9738-4F22-9BF0-912F398EE4E5}.Debug|Any CPU.Build.0 = Debug|Any CPU
		{8CCC9247-9738-4F22-9BF0-912F398EE4E5}.Release|Any CPU.ActiveCfg = Release|Any CPU
		{8CCC9247-9738-4F22-9BF0-912F398EE4E5}.Release|Any CPU.Build.0 = Release|Any CPU
	EndGlobalSection
	GlobalSection(SolutionProperties) = preSolution
		HideSolutionNode = FALSE
	EndGlobalSection
	GlobalSection(ExtensibilityGlobals) = postSolution
		SolutionGuid = {05417464-3812-45F3-BF30-EE6655DD77FB}
	EndGlobalSection
EndGlobal
